
Microsoft Visual Studio Solution File, Format Version 12.00
# Visual Studio Version 16
VisualStudioVersion = 16.0.30128.74
MinimumVisualStudioVersion = 10.0.40219.1
Project("{FAE04EC0-301F-11D3-BF4B-00C04F79EFBC}") = "Calculator.Tests", "SimpleCalculator.Tests\Calculator.Tests.csproj", "{D2009A49-6B78-48A4-819A-3DF7C07BC42B}"
EndProject
Project("{FAE04EC0-301F-11D3-BF4B-00C04F79EFBC}") = "Calculator", "Calculator\Calculator.csproj", "{888CB89F-12C5-4846-ABDC-0925E1D7AA4B}"
EndProject
Global
	GlobalSection(SolutionConfigurationPlatforms) = preSolution
		Debug|Any CPU = Debug|Any CPU
		Release|Any CPU = Release|Any CPU
	EndGlobalSection
	GlobalSection(ProjectConfigurationPlatforms) = postSolution
		{D2009A49-6B78-48A4-819A-3DF7C07BC42B}.Debug|Any CPU.ActiveCfg = Debug|Any CPU
		{D2009A49-6B78-48A4-819A-3DF7C07BC42B}.Debug|Any CPU.Build.0 = Debug|Any CPU
		{D2009A49-6B78-48A4-819A-3DF7C07BC42B}.Release|Any CPU.ActiveCfg = Release|Any CPU
		{D2009A49-6B78-48A4-819A-3DF7C07BC42B}.Release|Any CPU.Build.0 = Release|Any CPU
		{888CB89F-12C5-4846-ABDC-0925E1D7AA4B}.Debug|Any CPU.ActiveCfg = Debug|Any CPU
		{888CB89F-12C5-4846-ABDC-0925E1D7AA4B}.Debug|Any CPU.Build.0 = Debug|Any CPU
		{888CB89F-12C5-4846-ABDC-0925E1D7AA4B}.Release|Any CPU.ActiveCfg = Release|Any CPU
		{888CB89F-12C5-4846-ABDC-0925E1D7AA4B}.Release|Any CPU.Build.0 = Release|Any CPU
	EndGlobalSection
	GlobalSection(SolutionProperties) = preSolution
		HideSolutionNode = FALSE
	EndGlobalSection
	GlobalSection(ExtensibilityGlobals) = postSolution
		SolutionGuid = {4B903866-E23B-41FA-AB1B-DCA4CF85F7EE}
	EndGlobalSection
EndGlobal
